
Microsoft Visual Studio Solution File, Format Version 12.00
# Visual Studio Version 17
VisualStudioVersion = 17.5.33530.505
MinimumVisualStudioVersion = 10.0.40219.1
Project("{FAE04EC0-301F-11D3-BF4B-00C04F79EFBC}") = "EcommerceApp.Api", "EcommerceApp.Api\EcommerceApp.Api.csproj", "{DB7E2E79-6E22-4948-92D6-D63CCB14C5D7}"
EndProject
Project("{FAE04EC0-301F-11D3-BF4B-00C04F79EFBC}") = "EcommerceApp.Domain", "EcommerceApp.Core\EcommerceApp.Domain.csproj", "{A01333AD-F63F-4F71-A017-8892341FF30E}"
EndProject
Project("{2150E333-8FDC-42A3-9474-1A3956D46DE8}") = "src", "src", "{E14732DE-6670-43ED-8349-C7A85A93F90F}"
EndProject
Project("{FAE04EC0-301F-11D3-BF4B-00C04F79EFBC}") = "EcommerceApp.Infrastructure", "EcommerceApp.Infrastructure\EcommerceApp.Infrastructure.csproj", "{9730406D-221E-414D-A6F2-DE348CC55712}"
EndProject
Project("{FAE04EC0-301F-11D3-BF4B-00C04F79EFBC}") = "EcommerceApp.Shared", "EcommerceApp.Shared\EcommerceApp.Shared.csproj", "{2AD8256D-35B4-4D93-8709-A52CB07E8168}"
EndProject
Project("{2150E333-8FDC-42A3-9474-1A3956D46DE8}") = "test", "test", "{FE1B8F9D-C281-42A2-91C5-2E1A496DDFFF}"
EndProject
Project("{FAE04EC0-301F-11D3-BF4B-00C04F79EFBC}") = "EcommerceApp.Application", "EcommerceApp.Application\EcommerceApp.Application.csproj", "{F4D1A670-CB5C-4DA5-92B1-EA237596B057}"
EndProject
Project("{2150E333-8FDC-42A3-9474-1A3956D46DE8}") = "Solution Items", "Solution Items", "{32570914-DEA8-495C-B570-5A4094CF7F02}"
	ProjectSection(SolutionItems) = preProject
		.editorconfig = .editorconfig
	EndProjectSection
EndProject
Global
	GlobalSection(SolutionConfigurationPlatforms) = preSolution
		Debug|Any CPU = Debug|Any CPU
		Release|Any CPU = Release|Any CPU
	EndGlobalSection
	GlobalSection(ProjectConfigurationPlatforms) = postSolution
		{DB7E2E79-6E22-4948-92D6-D63CCB14C5D7}.Debug|Any CPU.ActiveCfg = Debug|Any CPU
		{DB7E2E79-6E22-4948-92D6-D63CCB14C5D7}.Debug|Any CPU.Build.0 = Debug|Any CPU
		{DB7E2E79-6E22-4948-92D6-D63CCB14C5D7}.Release|Any CPU.ActiveCfg = Release|Any CPU
		{DB7E2E79-6E22-4948-92D6-D63CCB14C5D7}.Release|Any CPU.Build.0 = Release|Any CPU
		{A01333AD-F63F-4F71-A017-8892341FF30E}.Debug|Any CPU.ActiveCfg = Debug|Any CPU
		{A01333AD-F63F-4F71-A017-8892341FF30E}.Debug|Any CPU.Build.0 = Debug|Any CPU
		{A01333AD-F63F-4F71-A017-8892341FF30E}.Release|Any CPU.ActiveCfg = Release|Any CPU
		{A01333AD-F63F-4F71-A017-8892341FF30E}.Release|Any CPU.Build.0 = Release|Any CPU
		{9730406D-221E-414D-A6F2-DE348CC55712}.Debug|Any CPU.ActiveCfg = Debug|Any CPU
		{9730406D-221E-414D-A6F2-DE348CC55712}.Debug|Any CPU.Build.0 = Debug|Any CPU
		{9730406D-221E-414D-A6F2-DE348CC55712}.Release|Any CPU.ActiveCfg = Release|Any CPU
		{9730406D-221E-414D-A6F2-DE348CC55712}.Release|Any CPU.Build.0 = Release|Any CPU
		{2AD8256D-35B4-4D93-8709-A52CB07E8168}.Debug|Any CPU.ActiveCfg = Debug|Any CPU
		{2AD8256D-35B4-4D93-8709-A52CB07E8168}.Debug|Any CPU.Build.0 = Debug|Any CPU
		{2AD8256D-35B4-4D93-8709-A52CB07E8168}.Release|Any CPU.ActiveCfg = Release|Any CPU
		{2AD8256D-35B4-4D93-8709-A52CB07E8168}.Release|Any CPU.Build.0 = Release|Any CPU
		{F4D1A670-CB5C-4DA5-92B1-EA237596B057}.Debug|Any CPU.ActiveCfg = Debug|Any CPU
		{F4D1A670-CB5C-4DA5-92B1-EA237596B057}.Debug|Any CPU.Build.0 = Debug|Any CPU
		{F4D1A670-CB5C-4DA5-92B1-EA237596B057}.Release|Any CPU.ActiveCfg = Release|Any CPU
		{F4D1A670-CB5C-4DA5-92B1-EA237596B057}.Release|Any CPU.Build.0 = Release|Any CPU
	EndGlobalSection
	GlobalSection(SolutionProperties) = preSolution
		HideSolutionNode = FALSE
	EndGlobalSection
	GlobalSection(NestedProjects) = preSolution
		{DB7E2E79-6E22-4948-92D6-D63CCB14C5D7} = {E14732DE-6670-43ED-8349-C7A85A93F90F}
		{A01333AD-F63F-4F71-A017-8892341FF30E} = {E14732DE-6670-43ED-8349-C7A85A93F90F}
		{9730406D-221E-414D-A6F2-DE348CC55712} = {E14732DE-6670-43ED-8349-C7A85A93F90F}
		{2AD8256D-35B4-4D93-8709-A52CB07E8168} = {E14732DE-6670-43ED-8349-C7A85A93F90F}
		{F4D1A670-CB5C-4DA5-92B1-EA237596B057} = {E14732DE-6670-43ED-8349-C7A85A93F90F}
	EndGlobalSection
	GlobalSection(ExtensibilityGlobals) = postSolution
		SolutionGuid = {D3BD2019-CABA-408E-9E9B-E96C467B40D3}
	EndGlobalSection
EndGlobal
